<?xml version="1.0" encoding="UTF-8" standalone="yes" ?>
<CodeBlocks_project_file>
	<FileVersion major="1" minor="6" />
	<Project>
		<Option title="bibliothek" />
		<Option pch_mode="2" />
		<Option compiler="gcc" />
		<Build>
			<Target title="Debug">
				<Option output="bin/Debug/bibliothek" prefix_auto="1" extension_auto="1" />
				<Option object_output="obj/Debug/" />
				<Option type="1" />
				<Option compiler="gcc" />
				<Compiler>
					<Add option="-g" />
				</Compiler>
			</Target>
			<Target title="Release">
				<Option output="bin/Release/bibliothek" prefix_auto="1" extension_auto="1" />
				<Option object_output="obj/Release/" />
				<Option type="1" />
				<Option compiler="gcc" />
				<Compiler>
					<Add option="-O2" />
				</Compiler>
				<Linker>
					<Add option="-s" />
				</Linker>
			</Target>
		</Build>
		<Compiler>
			<Add option="-Wall" />
		</Compiler>
		<Unit filename="addBook.c">
			<Option compilerVar="CC" />
		</Unit>
		<Unit filename="addBook.h" />
		<Unit filename="addCopies.c">
			<Option compilerVar="CC" />
		</Unit>
		<Unit filename="addCopies.h" />
		<Unit filename="borrowBook.c">
			<Option compilerVar="CC" />
		</Unit>
		<Unit filename="borrowBook.h" />
		<Unit filename="deleteBooks.c">
			<Option compilerVar="CC" />
		</Unit>
		<Unit filename="deleteBooks.h" />
		<Unit filename="loadBooks.c">
			<Option compilerVar="CC" />
		</Unit>
		<Unit filename="loadBooks.h" />
		<Unit filename="main.c">
			<Option compilerVar="CC" />
		</Unit>
		<Unit filename="returnBook .c">
			<Option compilerVar="CC" />
		</Unit>
		<Unit filename="returnBook.h" />
		<Unit filename="saveBooks.c">
			<Option compilerVar="CC" />
		</Unit>
		<Unit filename="saveBooks.h" />
		<Unit filename="search.c">
			<Option compilerVar="CC" />
		</Unit>
		<Unit filename="search.h" />
		<Unit filename="searchBooks.c">
			<Option compilerVar="CC" />
		</Unit>
		<Unit filename="searchBooks.h" />
		<Unit filename="structure.h" />
		<Extensions>
			<code_completion />
			<envvars />
			<debugger />
			<lib_finder disable_auto="1" />
		</Extensions>
	</Project>
</CodeBlocks_project_file>
